
Microsoft Visual Studio Solution File, Format Version 12.00
# Visual Studio 15
VisualStudioVersion = 15.0.28010.2048
MinimumVisualStudioVersion = 10.0.40219.1
Project("{FAE04EC0-301F-11D3-BF4B-00C04F79EFBC}") = "NestedScrollTest.Android", "NestedScrollTest\NestedScrollTest.Android\NestedScrollTest.Android.csproj", "{709A78D5-A065-4239-9031-ACAE1B5B000F}"
EndProject
Project("{FAE04EC0-301F-11D3-BF4B-00C04F79EFBC}") = "NestedScrollTest.iOS", "NestedScrollTest\NestedScrollTest.iOS\NestedScrollTest.iOS.csproj", "{53301D52-C042-4AE6-A5DC-5571A373638D}"
EndProject
Project("{FAE04EC0-301F-11D3-BF4B-00C04F79EFBC}") = "NestedScrollTest", "NestedScrollTest\NestedScrollTest\NestedScrollTest.csproj", "{D7F78502-6426-4DEF-B1A2-A9D5C421DC59}"
EndProject
Global
	GlobalSection(SolutionConfigurationPlatforms) = preSolution
		Ad-Hoc|Any CPU = Ad-Hoc|Any CPU
		Ad-Hoc|iPhone = Ad-Hoc|iPhone
		Ad-Hoc|iPhoneSimulator = Ad-Hoc|iPhoneSimulator
		AppStore|Any CPU = AppStore|Any CPU
		AppStore|iPhone = AppStore|iPhone
		AppStore|iPhoneSimulator = AppStore|iPhoneSimulator
		Debug|Any CPU = Debug|Any CPU
		Debug|iPhone = Debug|iPhone
		Debug|iPhoneSimulator = Debug|iPhoneSimulator
		Release|Any CPU = Release|Any CPU
		Release|iPhone = Release|iPhone
		Release|iPhoneSimulator = Release|iPhoneSimulator
	EndGlobalSection
	GlobalSection(ProjectConfigurationPlatforms) = postSolution
		{709A78D5-A065-4239-9031-ACAE1B5B000F}.Ad-Hoc|Any CPU.ActiveCfg = Release|Any CPU
		{709A78D5-A065-4239-9031-ACAE1B5B000F}.Ad-Hoc|Any CPU.Build.0 = Release|Any CPU
		{709A78D5-A065-4239-9031-ACAE1B5B000F}.Ad-Hoc|Any CPU.Deploy.0 = Release|Any CPU
		{709A78D5-A065-4239-9031-ACAE1B5B000F}.Ad-Hoc|iPhone.ActiveCfg = Release|Any CPU
		{709A78D5-A065-4239-9031-ACAE1B5B000F}.Ad-Hoc|iPhone.Build.0 = Release|Any CPU
		{709A78D5-A065-4239-9031-ACAE1B5B000F}.Ad-Hoc|iPhone.Deploy.0 = Release|Any CPU
		{709A78D5-A065-4239-9031-ACAE1B5B000F}.Ad-Hoc|iPhoneSimulator.ActiveCfg = Release|Any CPU
		{709A78D5-A065-4239-9031-ACAE1B5B000F}.Ad-Hoc|iPhoneSimulator.Build.0 = Release|Any CPU
		{709A78D5-A065-4239-9031-ACAE1B5B000F}.Ad-Hoc|iPhoneSimulator.Deploy.0 = Release|Any CPU
		{709A78D5-A065-4239-9031-ACAE1B5B000F}.AppStore|Any CPU.ActiveCfg = Release|Any CPU
		{709A78D5-A065-4239-9031-ACAE1B5B000F}.AppStore|Any CPU.Build.0 = Release|Any CPU
		{709A78D5-A065-4239-9031-ACAE1B5B000F}.AppStore|Any CPU.Deploy.0 = Release|Any CPU
		{709A78D5-A065-4239-9031-ACAE1B5B000F}.AppStore|iPhone.ActiveCfg = Release|Any CPU
		{709A78D5-A065-4239-9031-ACAE1B5B000F}.AppStore|iPhone.Build.0 = Release|Any CPU
		{709A78D5-A065-4239-9031-ACAE1B5B000F}.AppStore|iPhone.Deploy.0 = Release|Any CPU
		{709A78D5-A065-4239-9031-ACAE1B5B000F}.AppStore|iPhoneSimulator.ActiveCfg = Release|Any CPU
		{709A78D5-A065-4239-9031-ACAE1B5B000F}.AppStore|iPhoneSimulator.Build.0 = Release|Any CPU
		{709A78D5-A065-4239-9031-ACAE1B5B000F}.AppStore|iPhoneSimulator.Deploy.0 = Release|Any CPU
		{709A78D5-A065-4239-9031-ACAE1B5B000F}.Debug|Any CPU.ActiveCfg = Debug|Any CPU
		{709A78D5-A065-4239-9031-ACAE1B5B000F}.Debug|Any CPU.Build.0 = Debug|Any CPU
		{709A78D5-A065-4239-9031-ACAE1B5B000F}.Debug|Any CPU.Deploy.0 = Debug|Any CPU
		{709A78D5-A065-4239-9031-ACAE1B5B000F}.Debug|iPhone.ActiveCfg = Debug|Any CPU
		{709A78D5-A065-4239-9031-ACAE1B5B000F}.Debug|iPhone.Build.0 = Debug|Any CPU
		{709A78D5-A065-4239-9031-ACAE1B5B000F}.Debug|iPhone.Deploy.0 = Debug|Any CPU
		{709A78D5-A065-4239-9031-ACAE1B5B000F}.Debug|iPhoneSimulator.ActiveCfg = Debug|Any CPU
		{709A78D5-A065-4239-9031-ACAE1B5B000F}.Debug|iPhoneSimulator.Build.0 = Debug|Any CPU
		{709A78D5-A065-4239-9031-ACAE1B5B000F}.Debug|iPhoneSimulator.Deploy.0 = Debug|Any CPU
		{709A78D5-A065-4239-9031-ACAE1B5B000F}.Release|Any CPU.ActiveCfg = Release|Any CPU
		{709A78D5-A065-4239-9031-ACAE1B5B000F}.Release|Any CPU.Build.0 = Release|Any CPU
		{709A78D5-A065-4239-9031-ACAE1B5B000F}.Release|Any CPU.Deploy.0 = Release|Any CPU
		{709A78D5-A065-4239-9031-ACAE1B5B000F}.Release|iPhone.ActiveCfg = Release|Any CPU
		{709A78D5-A065-4239-9031-ACAE1B5B000F}.Release|iPhone.Build.0 = Release|Any CPU
		{709A78D5-A065-4239-9031-ACAE1B5B000F}.Release|iPhone.Deploy.0 = Release|Any CPU
		{709A78D5-A065-4239-9031-ACAE1B5B000F}.Release|iPhoneSimulator.ActiveCfg = Release|Any CPU
		{709A78D5-A065-4239-9031-ACAE1B5B000F}.Release|iPhoneSimulator.Build.0 = Release|Any CPU
		{709A78D5-A065-4239-9031-ACAE1B5B000F}.Release|iPhoneSimulator.Deploy.0 = Release|Any CPU
		{53301D52-C042-4AE6-A5DC-5571A373638D}.Ad-Hoc|Any CPU.ActiveCfg = Ad-Hoc|iPhone
		{53301D52-C042-4AE6-A5DC-5571A373638D}.Ad-Hoc|Any CPU.Build.0 = Ad-Hoc|iPhone
		{53301D52-C042-4AE6-A5DC-5571A373638D}.Ad-Hoc|Any CPU.Deploy.0 = Ad-Hoc|iPhone
		{53301D52-C042-4AE6-A5DC-5571A373638D}.Ad-Hoc|iPhone.ActiveCfg = Ad-Hoc|iPhone
		{53301D52-C042-4AE6-A5DC-5571A373638D}.Ad-Hoc|iPhone.Build.0 = Ad-Hoc|iPhone
		{53301D52-C042-4AE6-A5DC-5571A373638D}.Ad-Hoc|iPhone.Deploy.0 = Ad-Hoc|iPhone
		{53301D52-C042-4AE6-A5DC-5571A373638D}.Ad-Hoc|iPhoneSimulator.ActiveCfg = Ad-Hoc|iPhoneSimulator
		{53301D52-C042-4AE6-A5DC-5571A373638D}.Ad-Hoc|iPhoneSimulator.Build.0 = Ad-Hoc|iPhoneSimulator
		{53301D52-C042-4AE6-A5DC-5571A373638D}.Ad-Hoc|iPhoneSimulator.Deploy.0 = Ad-Hoc|iPhoneSimulator
		{53301D52-C042-4AE6-A5DC-5571A373638D}.AppStore|Any CPU.ActiveCfg = AppStore|iPhone
		{53301D52-C042-4AE6-A5DC-5571A373638D}.AppStore|Any CPU.Build.0 = AppStore|iPhone
		{53301D52-C042-4AE6-A5DC-5571A373638D}.AppStore|Any CPU.Deploy.0 = AppStore|iPhone
		{53301D52-C042-4AE6-A5DC-5571A373638D}.AppStore|iPhone.ActiveCfg = AppStore|iPhone
		{53301D52-C042-4AE6-A5DC-5571A373638D}.AppStore|iPhone.Build.0 = AppStore|iPhone
		{53301D52-C042-4AE6-A5DC-5571A373638D}.AppStore|iPhone.Deploy.0 = AppStore|iPhone
		{53301D52-C042-4AE6-A5DC-5571A373638D}.AppStore|iPhoneSimulator.ActiveCfg = AppStore|iPhoneSimulator
		{53301D52-C042-4AE6-A5DC-5571A373638D}.AppStore|iPhoneSimulator.Build.0 = AppStore|iPhoneSimulator
		{53301D52-C042-4AE6-A5DC-5571A373638D}.AppStore|iPhoneSimulator.Deploy.0 = AppStore|iPhoneSimulator
		{53301D52-C042-4AE6-A5DC-5571A373638D}.Debug|Any CPU.ActiveCfg = Debug|iPhoneSimulator
		{53301D52-C042-4AE6-A5DC-5571A373638D}.Debug|Any CPU.Build.0 = Debug|iPhoneSimulator
		{53301D52-C042-4AE6-A5DC-5571A373638D}.Debug|Any CPU.Deploy.0 = Debug|iPhoneSimulator
		{53301D52-C042-4AE6-A5DC-5571A373638D}.Debug|iPhone.ActiveCfg = Debug|iPhone
		{53301D52-C042-4AE6-A5DC-5571A373638D}.Debug|iPhone.Build.0 = Debug|iPhone
		{53301D52-C042-4AE6-A5DC-5571A373638D}.Debug|iPhone.Deploy.0 = Debug|iPhone
		{53301D52-C042-4AE6-A5DC-5571A373638D}.Debug|iPhoneSimulator.ActiveCfg = Debug|iPhoneSimulator
		{53301D52-C042-4AE6-A5DC-5571A373638D}.Debug|iPhoneSimulator.Build.0 = Debug|iPhoneSimulator
		{53301D52-C042-4AE6-A5DC-5571A373638D}.Debug|iPhoneSimulator.Deploy.0 = Debug|iPhoneSimulator
		{53301D52-C042-4AE6-A5DC-5571A373638D}.Release|Any CPU.ActiveCfg = Release|iPhone
		{53301D52-C042-4AE6-A5DC-5571A373638D}.Release|Any CPU.Build.0 = Release|iPhone
		{53301D52-C042-4AE6-A5DC-5571A373638D}.Release|Any CPU.Deploy.0 = Release|iPhone
		{53301D52-C042-4AE6-A5DC-5571A373638D}.Release|iPhone.ActiveCfg = Release|iPhone
		{53301D52-C042-4AE6-A5DC-5571A373638D}.Release|iPhone.Build.0 = Release|iPhone
		{53301D52-C042-4AE6-A5DC-5571A373638D}.Release|iPhone.Deploy.0 = Release|iPhone
		{53301D52-C042-4AE6-A5DC-5571A373638D}.Release|iPhoneSimulator.ActiveCfg = Release|iPhoneSimulator
		{53301D52-C042-4AE6-A5DC-5571A373638D}.Release|iPhoneSimulator.Build.0 = Release|iPhoneSimulator
		{53301D52-C042-4AE6-A5DC-5571A373638D}.Release|iPhoneSimulator.Deploy.0 = Release|iPhoneSimulator
		{D7F78502-6426-4DEF-B1A2-A9D5C421DC59}.Ad-Hoc|Any CPU.ActiveCfg = Debug|Any CPU
		{D7F78502-6426-4DEF-B1A2-A9D5C421DC59}.Ad-Hoc|Any CPU.Build.0 = Debug|Any CPU
		{D7F78502-6426-4DEF-B1A2-A9D5C421DC59}.Ad-Hoc|Any CPU.Deploy.0 = Debug|Any CPU
		{D7F78502-6426-4DEF-B1A2-A9D5C421DC59}.Ad-Hoc|iPhone.ActiveCfg = Debug|Any CPU
		{D7F78502-6426-4DEF-B1A2-A9D5C421DC59}.Ad-Hoc|iPhone.Build.0 = Debug|Any CPU
		{D7F78502-6426-4DEF-B1A2-A9D5C421DC59}.Ad-Hoc|iPhone.Deploy.0 = Debug|Any CPU
		{D7F78502-6426-4DEF-B1A2-A9D5C421DC59}.Ad-Hoc|iPhoneSimulator.ActiveCfg = Debug|Any CPU
		{D7F78502-6426-4DEF-B1A2-A9D5C421DC59}.Ad-Hoc|iPhoneSimulator.Build.0 = Debug|Any CPU
		{D7F78502-6426-4DEF-B1A2-A9D5C421DC59}.Ad-Hoc|iPhoneSimulator.Deploy.0 = Debug|Any CPU
		{D7F78502-6426-4DEF-B1A2-A9D5C421DC59}.AppStore|Any CPU.ActiveCfg = Debug|Any CPU
		{D7F78502-6426-4DEF-B1A2-A9D5C421DC59}.AppStore|Any CPU.Build.0 = Debug|Any CPU
		{D7F78502-6426-4DEF-B1A2-A9D5C421DC59}.AppStore|Any CPU.Deploy.0 = Debug|Any CPU
		{D7F78502-6426-4DEF-B1A2-A9D5C421DC59}.AppStore|iPhone.ActiveCfg = Debug|Any CPU
		{D7F78502-6426-4DEF-B1A2-A9D5C421DC59}.AppStore|iPhone.Build.0 = Debug|Any CPU
		{D7F78502-6426-4DEF-B1A2-A9D5C421DC59}.AppStore|iPhone.Deploy.0 = Debug|Any CPU
		{D7F78502-6426-4DEF-B1A2-A9D5C421DC59}.AppStore|iPhoneSimulator.ActiveCfg = Debug|Any CPU
		{D7F78502-6426-4DEF-B1A2-A9D5C421DC59}.AppStore|iPhoneSimulator.Build.0 = Debug|Any CPU
		{D7F78502-6426-4DEF-B1A2-A9D5C421DC59}.AppStore|iPhoneSimulator.Deploy.0 = Debug|Any CPU
		{D7F78502-6426-4DEF-B1A2-A9D5C421DC59}.Debug|Any CPU.ActiveCfg = Debug|Any CPU
		{D7F78502-6426-4DEF-B1A2-A9D5C421DC59}.Debug|Any CPU.Build.0 = Debug|Any CPU
		{D7F78502-6426-4DEF-B1A2-A9D5C421DC59}.Debug|Any CPU.Deploy.0 = Debug|Any CPU
		{D7F78502-6426-4DEF-B1A2-A9D5C421DC59}.Debug|iPhone.ActiveCfg = Debug|Any CPU
		{D7F78502-6426-4DEF-B1A2-A9D5C421DC59}.Debug|iPhone.Build.0 = Debug|Any CPU
		{D7F78502-6426-4DEF-B1A2-A9D5C421DC59}.Debug|iPhone.Deploy.0 = Debug|Any CPU
		{D7F78502-6426-4DEF-B1A2-A9D5C421DC59}.Debug|iPhoneSimulator.ActiveCfg = Debug|Any CPU
		{D7F78502-6426-4DEF-B1A2-A9D5C421DC59}.Debug|iPhoneSimulator.Build.0 = Debug|Any CPU
		{D7F78502-6426-4DEF-B1A2-A9D5C421DC59}.Debug|iPhoneSimulator.Deploy.0 = Debug|Any CPU
		{D7F78502-6426-4DEF-B1A2-A9D5C421DC59}.Release|Any CPU.ActiveCfg = Release|Any CPU
		{D7F78502-6426-4DEF-B1A2-A9D5C421DC59}.Release|Any CPU.Build.0 = Release|Any CPU
		{D7F78502-6426-4DEF-B1A2-A9D5C421DC59}.Release|Any CPU.Deploy.0 = Release|Any CPU
		{D7F78502-6426-4DEF-B1A2-A9D5C421DC59}.Release|iPhone.ActiveCfg = Release|Any CPU
		{D7F78502-6426-4DEF-B1A2-A9D5C421DC59}.Release|iPhone.Build.0 = Release|Any CPU
		{D7F78502-6426-4DEF-B1A2-A9D5C421DC59}.Release|iPhone.Deploy.0 = Release|Any CPU
		{D7F78502-6426-4DEF-B1A2-A9D5C421DC59}.Release|iPhoneSimulator.ActiveCfg = Release|Any CPU
		{D7F78502-6426-4DEF-B1A2-A9D5C421DC59}.Release|iPhoneSimulator.Build.0 = Release|Any CPU
		{D7F78502-6426-4DEF-B1A2-A9D5C421DC59}.Release|iPhoneSimulator.Deploy.0 = Release|Any CPU
	EndGlobalSection
	GlobalSection(SolutionProperties) = preSolution
		HideSolutionNode = FALSE
	EndGlobalSection
	GlobalSection(ExtensibilityGlobals) = postSolution
		SolutionGuid = {A5A12479-0868-4A0A-B81A-FF37013413D5}
	EndGlobalSection
EndGlobal
